
Microsoft Visual Studio Solution File, Format Version 12.00
# Visual Studio Version 17
VisualStudioVersion = 17.2.32616.157
MinimumVisualStudioVersion = 10.0.40219.1
Project("{FAE04EC0-301F-11D3-BF4B-00C04F79EFBC}") = "NorwayWalks.API", "NorwayWalks.API\NorwayWalks.API.csproj", "{224C0AB3-0353-4040-B5AC-8A547E943646}"
EndProject
Global
	GlobalSection(SolutionConfigurationPlatforms) = preSolution
		Debug|Any CPU = Debug|Any CPU
		Release|Any CPU = Release|Any CPU
	EndGlobalSection
	GlobalSection(ProjectConfigurationPlatforms) = postSolution
		{224C0AB3-0353-4040-B5AC-8A547E943646}.Debug|Any CPU.ActiveCfg = Debug|Any CPU
		{224C0AB3-0353-4040-B5AC-8A547E943646}.Debug|Any CPU.Build.0 = Debug|Any CPU
		{224C0AB3-0353-4040-B5AC-8A547E943646}.Release|Any CPU.ActiveCfg = Release|Any CPU
		{224C0AB3-0353-4040-B5AC-8A547E943646}.Release|Any CPU.Build.0 = Release|Any CPU
	EndGlobalSection
	GlobalSection(SolutionProperties) = preSolution
		HideSolutionNode = FALSE
	EndGlobalSection
	GlobalSection(ExtensibilityGlobals) = postSolution
		SolutionGuid = {F989ABFA-42B3-4EFA-B7E6-08FC2B437278}
	EndGlobalSection
EndGlobal
